{
  "name": "dropin-prototype",
  "version": "0.1.0",
  "lockfileVersion": 3,
  "requires": true,
  "packages": {
    "": {
      "name": "dropin-prototype",
      "version": "0.1.0",
      "dependencies": {
        "preact": "^10.15.1"
      }
    },
    "node_modules/preact": {
      "version": "10.28.2",
      "resolved": "https://registry.npmjs.org/preact/-/preact-10.28.2.tgz",
      "integrity": "sha512-lbteaWGzGHdlIuiJ0l2Jq454m6kcpI1zNje6d8MlGAFlYvP2GO4ibnat7P74Esfz4sPTdM6UxtTwh/d3pwM9JA==",
      "license": "MIT",
      "funding": {
        "type": "opencollective",
        "url": "https://opencollective.com/preact"
      }
    }
  }
}
